// !$*UTF8*$!
{
	archiveVersion = 1;
	classes = {
	};
	objectVersion = 70;
	objects = {

/* Begin PBXBuildFile section */
		324EFB272F020CB900F9D047 /* LessonViewController.swift in Sources */ = {isa = PBXBuildFile; fileRef = 324EFB262F020CB900F9D047 /* LessonViewController.swift */; };
		324EFB292F02116300F9D047 /* UIImage+.swift in Sources */ = {isa = PBXBuildFile; fileRef = 324EFB282F02116100F9D047 /* UIImage+.swift */; };
		324EFB2F2F0233C900F9D047 /* AuthManager.swift in Sources */ = {isa = PBXBuildFile; fileRef = 324EFB2E2F0233C600F9D047 /* AuthManager.swift */; };
		324EFB312F024D2D00F9D047 /* CommunityPostCell.swift in Sources */ = {isa = PBXBuildFile; fileRef = 324EFB302F024D2700F9D047 /* CommunityPostCell.swift */; };
		324EFB332F024F8400F9D047 /* CommunityWriteViewController.swift in Sources */ = {isa = PBXBuildFile; fileRef = 324EFB322F024F8400F9D047 /* CommunityWriteViewController.swift */; };
		324EFB3D2F0279EA00F9D047 /* TeacherCell.swift in Sources */ = {isa = PBXBuildFile; fileRef = 324EFB3C2F0279E500F9D047 /* TeacherCell.swift */; };
		324EFB3F2F0279FC00F9D047 /* TeacherRegisterBannerView.swift in Sources */ = {isa = PBXBuildFile; fileRef = 324EFB3E2F0279F400F9D047 /* TeacherRegisterBannerView.swift */; };
		324EFB412F027CC500F9D047 /* TeacherDetailViewController.swift in Sources */ = {isa = PBXBuildFile; fileRef = 324EFB402F027CC400F9D047 /* TeacherDetailViewController.swift */; };
		324EFB432F038BE800F9D047 /* InputRow.swift in Sources */ = {isa = PBXBuildFile; fileRef = 324EFB422F038BE600F9D047 /* InputRow.swift */; };
		324EFB452F0393DF00F9D047 /* TeacherRegisterViewController.swift in Sources */ = {isa = PBXBuildFile; fileRef = 324EFB442F0393D800F9D047 /* TeacherRegisterViewController.swift */; };
		324EFB472F03A64300F9D047 /* RegisterFinishViewController.swift in Sources */ = {isa = PBXBuildFile; fileRef = 324EFB462F03A63300F9D047 /* RegisterFinishViewController.swift */; };
		324EFB492F03BCE400F9D047 /* UILabel+.swift in Sources */ = {isa = PBXBuildFile; fileRef = 324EFB482F03BCE300F9D047 /* UILabel+.swift */; };
		43ABB5DB28F62A98E9B00D72 /* Pods_MZEDU.framework in Frameworks */ = {isa = PBXBuildFile; fileRef = 844D0DB1CEEAF6A57B43D40F /* Pods_MZEDU.framework */; };
		44ECDC4B2EFEF66500238450 /* AppDelegate.swift in Sources */ = {isa = PBXBuildFile; fileRef = 44ECDC4A2EFEF66500238450 /* AppDelegate.swift */; };
		44ECDC4D2EFEF66500238450 /* SceneDelegate.swift in Sources */ = {isa = PBXBuildFile; fileRef = 44ECDC4C2EFEF66500238450 /* SceneDelegate.swift */; };
		44ECDC4F2EFEF66500238450 /* ViewController.swift in Sources */ = {isa = PBXBuildFile; fileRef = 44ECDC4E2EFEF66500238450 /* ViewController.swift */; };
		44ECDC522EFEF66500238450 /* Base in Resources */ = {isa = PBXBuildFile; fileRef = 44ECDC512EFEF66500238450 /* Base */; };
		44ECDC542EFEF66600238450 /* Assets.xcassets in Resources */ = {isa = PBXBuildFile; fileRef = 44ECDC532EFEF66600238450 /* Assets.xcassets */; };
		44ECDC572EFEF66600238450 /* Base in Resources */ = {isa = PBXBuildFile; fileRef = 44ECDC562EFEF66600238450 /* Base */; };
		44ECDC642EFEF6B100238450 /* MainTabBarController.swift in Sources */ = {isa = PBXBuildFile; fileRef = 44ECDC632EFEF6B100238450 /* MainTabBarController.swift */; };
		44ECDC662EFEF6B900238450 /* TabBarItemFactory.swift in Sources */ = {isa = PBXBuildFile; fileRef = 44ECDC652EFEF6B900238450 /* TabBarItemFactory.swift */; };
		44ECDC682EFEF6C300238450 /* HomeViewController.swift in Sources */ = {isa = PBXBuildFile; fileRef = 44ECDC672EFEF6C300238450 /* HomeViewController.swift */; };
		44ECDC6A2EFEF6D200238450 /* CommunityViewController.swift in Sources */ = {isa = PBXBuildFile; fileRef = 44ECDC692EFEF6D200238450 /* CommunityViewController.swift */; };
		44ECDC6C2EFEF6E000238450 /* MyViewController.swift in Sources */ = {isa = PBXBuildFile; fileRef = 44ECDC6B2EFEF6E000238450 /* MyViewController.swift */; };
		44ECDC6F2EFEF74D00238450 /* UIColor+.swift in Sources */ = {isa = PBXBuildFile; fileRef = 44ECDC6E2EFEF74D00238450 /* UIColor+.swift */; };
/* End PBXBuildFile section */

/* Begin PBXFileReference section */
		324EFB262F020CB900F9D047 /* LessonViewController.swift */ = {isa = PBXFileReference; lastKnownFileType = sourcecode.swift; path = LessonViewController.swift; sourceTree = "<group>"; };
		324EFB282F02116100F9D047 /* UIImage+.swift */ = {isa = PBXFileReference; lastKnownFileType = sourcecode.swift; path = "UIImage+.swift"; sourceTree = "<group>"; };
		324EFB2E2F0233C600F9D047 /* AuthManager.swift */ = {isa = PBXFileReference; lastKnownFileType = sourcecode.swift; path = AuthManager.swift; sourceTree = "<group>"; };
		324EFB302F024D2700F9D047 /* CommunityPostCell.swift */ = {isa = PBXFileReference; lastKnownFileType = sourcecode.swift; path = CommunityPostCell.swift; sourceTree = "<group>"; };
		324EFB322F024F8400F9D047 /* CommunityWriteViewController.swift */ = {isa = PBXFileReference; lastKnownFileType = sourcecode.swift; path = CommunityWriteViewController.swift; sourceTree = "<group>"; };
		324EFB3C2F0279E500F9D047 /* TeacherCell.swift */ = {isa = PBXFileReference; lastKnownFileType = sourcecode.swift; path = TeacherCell.swift; sourceTree = "<group>"; };
		324EFB3E2F0279F400F9D047 /* TeacherRegisterBannerView.swift */ = {isa = PBXFileReference; lastKnownFileType = sourcecode.swift; path = TeacherRegisterBannerView.swift; sourceTree = "<group>"; };
		324EFB402F027CC400F9D047 /* TeacherDetailViewController.swift */ = {isa = PBXFileReference; lastKnownFileType = sourcecode.swift; path = TeacherDetailViewController.swift; sourceTree = "<group>"; };
		324EFB422F038BE600F9D047 /* InputRow.swift */ = {isa = PBXFileReference; lastKnownFileType = sourcecode.swift; path = InputRow.swift; sourceTree = "<group>"; };
		324EFB442F0393D800F9D047 /* TeacherRegisterViewController.swift */ = {isa = PBXFileReference; lastKnownFileType = sourcecode.swift; path = TeacherRegisterViewController.swift; sourceTree = "<group>"; };
		324EFB462F03A63300F9D047 /* RegisterFinishViewController.swift */ = {isa = PBXFileReference; lastKnownFileType = sourcecode.swift; path = RegisterFinishViewController.swift; sourceTree = "<group>"; };
		324EFB482F03BCE300F9D047 /* UILabel+.swift */ = {isa = PBXFileReference; lastKnownFileType = sourcecode.swift; path = "UILabel+.swift"; sourceTree = "<group>"; };
		44ECDC472EFEF66500238450 /* MZEDU.app */ = {isa = PBXFileReference; explicitFileType = wrapper.application; includeInIndex = 0; path = MZEDU.app; sourceTree = BUILT_PRODUCTS_DIR; };
		44ECDC4A2EFEF66500238450 /* AppDelegate.swift */ = {isa = PBXFileReference; lastKnownFileType = sourcecode.swift; path = AppDelegate.swift; sourceTree = "<group>"; };
		44ECDC4C2EFEF66500238450 /* SceneDelegate.swift */ = {isa = PBXFileReference; lastKnownFileType = sourcecode.swift; path = SceneDelegate.swift; sourceTree = "<group>"; };
		44ECDC4E2EFEF66500238450 /* ViewController.swift */ = {isa = PBXFileReference; lastKnownFileType = sourcecode.swift; path = ViewController.swift; sourceTree = "<group>"; };
		44ECDC512EFEF66500238450 /* Base */ = {isa = PBXFileReference; lastKnownFileType = file.storyboard; name = Base; path = Base.lproj/Main.storyboard; sourceTree = "<group>"; };
		44ECDC532EFEF66600238450 /* Assets.xcassets */ = {isa = PBXFileReference; lastKnownFileType = folder.assetcatalog; path = Assets.xcassets; sourceTree = "<group>"; };
		44ECDC562EFEF66600238450 /* Base */ = {isa = PBXFileReference; lastKnownFileType = file.storyboard; name = Base; path = Base.lproj/LaunchScreen.storyboard; sourceTree = "<group>"; };
		44ECDC582EFEF66600238450 /* Info.plist */ = {isa = PBXFileReference; lastKnownFileType = text.plist.xml; path = Info.plist; sourceTree = "<group>"; };
		44ECDC632EFEF6B100238450 /* MainTabBarController.swift */ = {isa = PBXFileReference; lastKnownFileType = sourcecode.swift; path = MainTabBarController.swift; sourceTree = "<group>"; };
		44ECDC652EFEF6B900238450 /* TabBarItemFactory.swift */ = {isa = PBXFileReference; lastKnownFileType = sourcecode.swift; path = TabBarItemFactory.swift; sourceTree = "<group>"; };
		44ECDC672EFEF6C300238450 /* HomeViewController.swift */ = {isa = PBXFileReference; lastKnownFileType = sourcecode.swift; path = HomeViewController.swift; sourceTree = "<group>"; };
		44ECDC692EFEF6D200238450 /* CommunityViewController.swift */ = {isa = PBXFileReference; lastKnownFileType = sourcecode.swift; path = CommunityViewController.swift; sourceTree = "<group>"; };
		44ECDC6B2EFEF6E000238450 /* MyViewController.swift */ = {isa = PBXFileReference; lastKnownFileType = sourcecode.swift; path = MyViewController.swift; sourceTree = "<group>"; };
		44ECDC6E2EFEF74D00238450 /* UIColor+.swift */ = {isa = PBXFileReference; lastKnownFileType = sourcecode.swift; path = "UIColor+.swift"; sourceTree = "<group>"; };
		7B8C4B5FAD10013F40E84DAB /* Pods-MZEDU.debug.xcconfig */ = {isa = PBXFileReference; includeInIndex = 1; lastKnownFileType = text.xcconfig; name = "Pods-MZEDU.debug.xcconfig"; path = "Target Support Files/Pods-MZEDU/Pods-MZEDU.debug.xcconfig"; sourceTree = "<group>"; };
		844D0DB1CEEAF6A57B43D40F /* Pods_MZEDU.framework */ = {isa = PBXFileReference; explicitFileType = wrapper.framework; includeInIndex = 0; path = Pods_MZEDU.framework; sourceTree = BUILT_PRODUCTS_DIR; };
		A7B1A557C8E636D6E6B2745F /* Pods-MZEDU.release.xcconfig */ = {isa = PBXFileReference; includeInIndex = 1; lastKnownFileType = text.xcconfig; name = "Pods-MZEDU.release.xcconfig"; path = "Target Support Files/Pods-MZEDU/Pods-MZEDU.release.xcconfig"; sourceTree = "<group>"; };
/* End PBXFileReference section */

/* Begin PBXFileSystemSynchronizedRootGroup section */
		324EFB2A2F021ECF00F9D047 /* Views */ = {isa = PBXFileSystemSynchronizedRootGroup; explicitFileTypes = {}; explicitFolders = (); path = Views; sourceTree = "<group>"; };
		324EFB342F026CF900F9D047 /* Entity */ = {isa = PBXFileSystemSynchronizedRootGroup; explicitFileTypes = {}; explicitFolders = (); path = Entity; sourceTree = "<group>"; };
		324EFB382F02757C00F9D047 /* CustomCenter */ = {isa = PBXFileSystemSynchronizedRootGroup; explicitFileTypes = {}; explicitFolders = (); path = CustomCenter; sourceTree = "<group>"; };
/* End PBXFileSystemSynchronizedRootGroup section */

/* Begin PBXFrameworksBuildPhase section */
		44ECDC442EFEF66500238450 /* Frameworks */ = {
			isa = PBXFrameworksBuildPhase;
			buildActionMask = 2147483647;
			files = (
				43ABB5DB28F62A98E9B00D72 /* Pods_MZEDU.framework in Frameworks */,
			);
			runOnlyForDeploymentPostprocessing = 0;
		};
/* End PBXFrameworksBuildPhase section */

/* Begin PBXGroup section */
		324EFB242F020C8F00F9D047 /* Lesson */ = {
			isa = PBXGroup;
			children = (
				324EFB462F03A63300F9D047 /* RegisterFinishViewController.swift */,
				324EFB442F0393D800F9D047 /* TeacherRegisterViewController.swift */,
				324EFB422F038BE600F9D047 /* InputRow.swift */,
				324EFB402F027CC400F9D047 /* TeacherDetailViewController.swift */,
				324EFB3E2F0279F400F9D047 /* TeacherRegisterBannerView.swift */,
				324EFB3C2F0279E500F9D047 /* TeacherCell.swift */,
				324EFB262F020CB900F9D047 /* LessonViewController.swift */,
			);
			path = Lesson;
			sourceTree = "<group>";
		};
		324EFB2D2F0233BE00F9D047 /* Manager */ = {
			isa = PBXGroup;
			children = (
				324EFB2E2F0233C600F9D047 /* AuthManager.swift */,
			);
			path = Manager;
			sourceTree = "<group>";
		};
		44ECDC3E2EFEF66500238450 = {
			isa = PBXGroup;
			children = (
				44ECDC492EFEF66500238450 /* MZEDU */,
				44ECDC482EFEF66500238450 /* Products */,
				9922B4D97F372F5B6C16124A /* Pods */,
				86D1ADFB9BC7E1E5A1CD30F2 /* Frameworks */,
			);
			sourceTree = "<group>";
		};
		44ECDC482EFEF66500238450 /* Products */ = {
			isa = PBXGroup;
			children = (
				44ECDC472EFEF66500238450 /* MZEDU.app */,
			);
			name = Products;
			sourceTree = "<group>";
		};
		44ECDC492EFEF66500238450 /* MZEDU */ = {
			isa = PBXGroup;
			children = (
				324EFB342F026CF900F9D047 /* Entity */,
				324EFB2D2F0233BE00F9D047 /* Manager */,
				324EFB2A2F021ECF00F9D047 /* Views */,
				44ECDC6D2EFEF74300238450 /* Extensions */,
				44ECDC5E2EFEF69700238450 /* TabBar */,
				44ECDC4A2EFEF66500238450 /* AppDelegate.swift */,
				44ECDC4C2EFEF66500238450 /* SceneDelegate.swift */,
				44ECDC4E2EFEF66500238450 /* ViewController.swift */,
				44ECDC502EFEF66500238450 /* Main.storyboard */,
				44ECDC532EFEF66600238450 /* Assets.xcassets */,
				44ECDC552EFEF66600238450 /* LaunchScreen.storyboard */,
				44ECDC582EFEF66600238450 /* Info.plist */,
			);
			path = MZEDU;
			sourceTree = "<group>";
		};
		44ECDC5E2EFEF69700238450 /* TabBar */ = {
			isa = PBXGroup;
			children = (
				324EFB382F02757C00F9D047 /* CustomCenter */,
				324EFB242F020C8F00F9D047 /* Lesson */,
				44ECDC622EFEF6A800238450 /* Presentation */,
				44ECDC612EFEF6A400238450 /* MyPage */,
				44ECDC602EFEF69F00238450 /* Community */,
				44ECDC5F2EFEF69B00238450 /* Home */,
			);
			path = TabBar;
			sourceTree = "<group>";
		};
		44ECDC5F2EFEF69B00238450 /* Home */ = {
			isa = PBXGroup;
			children = (
				44ECDC672EFEF6C300238450 /* HomeViewController.swift */,
			);
			path = Home;
			sourceTree = "<group>";
		};
		44ECDC602EFEF69F00238450 /* Community */ = {
			isa = PBXGroup;
			children = (
				324EFB302F024D2700F9D047 /* CommunityPostCell.swift */,
				44ECDC692EFEF6D200238450 /* CommunityViewController.swift */,
				324EFB322F024F8400F9D047 /* CommunityWriteViewController.swift */,
			);
			path = Community;
			sourceTree = "<group>";
		};
		44ECDC612EFEF6A400238450 /* MyPage */ = {
			isa = PBXGroup;
			children = (
				44ECDC6B2EFEF6E000238450 /* MyViewController.swift */,
			);
			path = MyPage;
			sourceTree = "<group>";
		};
		44ECDC622EFEF6A800238450 /* Presentation */ = {
			isa = PBXGroup;
			children = (
				44ECDC632EFEF6B100238450 /* MainTabBarController.swift */,
				44ECDC652EFEF6B900238450 /* TabBarItemFactory.swift */,
			);
			path = Presentation;
			sourceTree = "<group>";
		};
		44ECDC6D2EFEF74300238450 /* Extensions */ = {
			isa = PBXGroup;
			children = (
				324EFB482F03BCE300F9D047 /* UILabel+.swift */,
				324EFB282F02116100F9D047 /* UIImage+.swift */,
				44ECDC6E2EFEF74D00238450 /* UIColor+.swift */,
			);
			path = Extensions;
			sourceTree = "<group>";
		};
		86D1ADFB9BC7E1E5A1CD30F2 /* Frameworks */ = {
			isa = PBXGroup;
			children = (
				844D0DB1CEEAF6A57B43D40F /* Pods_MZEDU.framework */,
			);
			name = Frameworks;
			sourceTree = "<group>";
		};
		9922B4D97F372F5B6C16124A /* Pods */ = {
			isa = PBXGroup;
			children = (
				7B8C4B5FAD10013F40E84DAB /* Pods-MZEDU.debug.xcconfig */,
				A7B1A557C8E636D6E6B2745F /* Pods-MZEDU.release.xcconfig */,
			);
			path = Pods;
			sourceTree = "<group>";
		};
/* End PBXGroup section */

/* Begin PBXNativeTarget section */
		44ECDC462EFEF66500238450 /* MZEDU */ = {
			isa = PBXNativeTarget;
			buildConfigurationList = 44ECDC5B2EFEF66600238450 /* Build configuration list for PBXNativeTarget "MZEDU" */;
			buildPhases = (
				5462340E38003864B026669B /* [CP] Check Pods Manifest.lock */,
				44ECDC432EFEF66500238450 /* Sources */,
				44ECDC442EFEF66500238450 /* Frameworks */,
				44ECDC452EFEF66500238450 /* Resources */,
				6C7620B5FA9FD9A826C21E02 /* [CP] Embed Pods Frameworks */,
			);
			buildRules = (
			);
			dependencies = (
			);
			fileSystemSynchronizedGroups = (
				324EFB2A2F021ECF00F9D047 /* Views */,
				324EFB342F026CF900F9D047 /* Entity */,
				324EFB382F02757C00F9D047 /* CustomCenter */,
			);
			name = MZEDU;
			productName = MZEDU;
			productReference = 44ECDC472EFEF66500238450 /* MZEDU.app */;
			productType = "com.apple.product-type.application";
		};
/* End PBXNativeTarget section */

/* Begin PBXProject section */
		44ECDC3F2EFEF66500238450 /* Project object */ = {
			isa = PBXProject;
			attributes = {
				BuildIndependentTargetsInParallel = 1;
				LastSwiftUpdateCheck = 1540;
				LastUpgradeCheck = 1540;
				TargetAttributes = {
					44ECDC462EFEF66500238450 = {
						CreatedOnToolsVersion = 15.4;
					};
				};
			};
			buildConfigurationList = 44ECDC422EFEF66500238450 /* Build configuration list for PBXProject "MZEDU" */;
			compatibilityVersion = "Xcode 14.0";
			developmentRegion = en;
			hasScannedForEncodings = 0;
			knownRegions = (
				en,
				Base,
			);
			mainGroup = 44ECDC3E2EFEF66500238450;
			productRefGroup = 44ECDC482EFEF66500238450 /* Products */;
			projectDirPath = "";
			projectRoot = "";
			targets = (
				44ECDC462EFEF66500238450 /* MZEDU */,
			);
		};
/* End PBXProject section */

/* Begin PBXResourcesBuildPhase section */
		44ECDC452EFEF66500238450 /* Resources */ = {
			isa = PBXResourcesBuildPhase;
			buildActionMask = 2147483647;
			files = (
				44ECDC542EFEF66600238450 /* Assets.xcassets in Resources */,
				44ECDC572EFEF66600238450 /* Base in Resources */,
				44ECDC522EFEF66500238450 /* Base in Resources */,
			);
			runOnlyForDeploymentPostprocessing = 0;
		};
/* End PBXResourcesBuildPhase section */

/* Begin PBXShellScriptBuildPhase section */
		5462340E38003864B026669B /* [CP] Check Pods Manifest.lock */ = {
			isa = PBXShellScriptBuildPhase;
			buildActionMask = 2147483647;
			files = (
			);
			inputFileListPaths = (
			);
			inputPaths = (
				"${PODS_PODFILE_DIR_PATH}/Podfile.lock",
				"${PODS_ROOT}/Manifest.lock",
			);
			name = "[CP] Check Pods Manifest.lock";
			outputFileListPaths = (
			);
			outputPaths = (
				"$(DERIVED_FILE_DIR)/Pods-MZEDU-checkManifestLockResult.txt",
			);
			runOnlyForDeploymentPostprocessing = 0;
			shellPath = /bin/sh;
			shellScript = "diff \"${PODS_PODFILE_DIR_PATH}/Podfile.lock\" \"${PODS_ROOT}/Manifest.lock\" > /dev/null\nif [ $? != 0 ] ; then\n    # print error to STDERR\n    echo \"error: The sandbox is not in sync with the Podfile.lock. Run 'pod install' or update your CocoaPods installation.\" >&2\n    exit 1\nfi\n# This output is used by Xcode 'outputs' to avoid re-running this script phase.\necho \"SUCCESS\" > \"${SCRIPT_OUTPUT_FILE_0}\"\n";
			showEnvVarsInLog = 0;
		};
		6C7620B5FA9FD9A826C21E02 /* [CP] Embed Pods Frameworks */ = {
			isa = PBXShellScriptBuildPhase;
			buildActionMask = 2147483647;
			files = (
			);
			inputFileListPaths = (
				"${PODS_ROOT}/Target Support Files/Pods-MZEDU/Pods-MZEDU-frameworks-${CONFIGURATION}-input-files.xcfilelist",
			);
			inputPaths = (
			);
			name = "[CP] Embed Pods Frameworks";
			outputFileListPaths = (
				"${PODS_ROOT}/Target Support Files/Pods-MZEDU/Pods-MZEDU-frameworks-${CONFIGURATION}-output-files.xcfilelist",
			);
			outputPaths = (
			);
			runOnlyForDeploymentPostprocessing = 0;
			shellPath = /bin/sh;
			shellScript = "\"${PODS_ROOT}/Target Support Files/Pods-MZEDU/Pods-MZEDU-frameworks.sh\"\n";
			showEnvVarsInLog = 0;
		};
/* End PBXShellScriptBuildPhase section */

/* Begin PBXSourcesBuildPhase section */
		44ECDC432EFEF66500238450 /* Sources */ = {
			isa = PBXSourcesBuildPhase;
			buildActionMask = 2147483647;
			files = (
				44ECDC4F2EFEF66500238450 /* ViewController.swift in Sources */,
				324EFB432F038BE800F9D047 /* InputRow.swift in Sources */,
				44ECDC4B2EFEF66500238450 /* AppDelegate.swift in Sources */,
				324EFB2F2F0233C900F9D047 /* AuthManager.swift in Sources */,
				44ECDC642EFEF6B100238450 /* MainTabBarController.swift in Sources */,
				44ECDC4D2EFEF66500238450 /* SceneDelegate.swift in Sources */,
				44ECDC662EFEF6B900238450 /* TabBarItemFactory.swift in Sources */,
				44ECDC682EFEF6C300238450 /* HomeViewController.swift in Sources */,
				324EFB452F0393DF00F9D047 /* TeacherRegisterViewController.swift in Sources */,
				44ECDC6C2EFEF6E000238450 /* MyViewController.swift in Sources */,
				44ECDC6A2EFEF6D200238450 /* CommunityViewController.swift in Sources */,
				324EFB292F02116300F9D047 /* UIImage+.swift in Sources */,
				324EFB472F03A64300F9D047 /* RegisterFinishViewController.swift in Sources */,
				324EFB312F024D2D00F9D047 /* CommunityPostCell.swift in Sources */,
				324EFB3F2F0279FC00F9D047 /* TeacherRegisterBannerView.swift in Sources */,
				324EFB492F03BCE400F9D047 /* UILabel+.swift in Sources */,
				324EFB272F020CB900F9D047 /* LessonViewController.swift in Sources */,
				324EFB332F024F8400F9D047 /* CommunityWriteViewController.swift in Sources */,
				324EFB3D2F0279EA00F9D047 /* TeacherCell.swift in Sources */,
				324EFB412F027CC500F9D047 /* TeacherDetailViewController.swift in Sources */,
				44ECDC6F2EFEF74D00238450 /* UIColor+.swift in Sources */,
			);
			runOnlyForDeploymentPostprocessing = 0;
		};
/* End PBXSourcesBuildPhase section */

/* Begin PBXVariantGroup section */
		44ECDC502EFEF66500238450 /* Main.storyboard */ = {
			isa = PBXVariantGroup;
			children = (
				44ECDC512EFEF66500238450 /* Base */,
			);
			name = Main.storyboard;
			sourceTree = "<group>";
		};
		44ECDC552EFEF66600238450 /* LaunchScreen.storyboard */ = {
			isa = PBXVariantGroup;
			children = (
				44ECDC562EFEF66600238450 /* Base */,
			);
			name = LaunchScreen.storyboard;
			sourceTree = "<group>";
		};
/* End PBXVariantGroup section */

/* Begin XCBuildConfiguration section */
		44ECDC592EFEF66600238450 /* Debug */ = {
			isa = XCBuildConfiguration;
			buildSettings = {
				ALWAYS_SEARCH_USER_PATHS = NO;
				ASSETCATALOG_COMPILER_GENERATE_SWIFT_ASSET_SYMBOL_EXTENSIONS = YES;
				CLANG_ANALYZER_NONNULL = YES;
				CLANG_ANALYZER_NUMBER_OBJECT_CONVERSION = YES_AGGRESSIVE;
				CLANG_CXX_LANGUAGE_STANDARD = "gnu++20";
				CLANG_ENABLE_MODULES = YES;
				CLANG_ENABLE_OBJC_ARC = YES;
				CLANG_ENABLE_OBJC_WEAK = YES;
				CLANG_WARN_BLOCK_CAPTURE_AUTORELEASING = YES;
				CLANG_WARN_BOOL_CONVERSION = YES;
				CLANG_WARN_COMMA = YES;
				CLANG_WARN_CONSTANT_CONVERSION = YES;
				CLANG_WARN_DEPRECATED_OBJC_IMPLEMENTATIONS = YES;
				CLANG_WARN_DIRECT_OBJC_ISA_USAGE = YES_ERROR;
				CLANG_WARN_DOCUMENTATION_COMMENTS = YES;
				CLANG_WARN_EMPTY_BODY = YES;
				CLANG_WARN_ENUM_CONVERSION = YES;
				CLANG_WARN_INFINITE_RECURSION = YES;
				CLANG_WARN_INT_CONVERSION = YES;
				CLANG_WARN_NON_LITERAL_NULL_CONVERSION = YES;
				CLANG_WARN_OBJC_IMPLICIT_RETAIN_SELF = YES;
				CLANG_WARN_OBJC_LITERAL_CONVERSION = YES;
				CLANG_WARN_OBJC_ROOT_CLASS = YES_ERROR;
				CLANG_WARN_QUOTED_INCLUDE_IN_FRAMEWORK_HEADER = YES;
				CLANG_WARN_RANGE_LOOP_ANALYSIS = YES;
				CLANG_WARN_STRICT_PROTOTYPES = YES;
				CLANG_WARN_SUSPICIOUS_MOVE = YES;
				CLANG_WARN_UNGUARDED_AVAILABILITY = YES_AGGRESSIVE;
				CLANG_WARN_UNREACHABLE_CODE = YES;
				CLANG_WARN__DUPLICATE_METHOD_MATCH = YES;
				COPY_PHASE_STRIP = NO;
				DEBUG_INFORMATION_FORMAT = dwarf;
				ENABLE_STRICT_OBJC_MSGSEND = YES;
				ENABLE_TESTABILITY = YES;
				ENABLE_USER_SCRIPT_SANDBOXING = YES;
				GCC_C_LANGUAGE_STANDARD = gnu17;
				GCC_DYNAMIC_NO_PIC = NO;
				GCC_NO_COMMON_BLOCKS = YES;
				GCC_OPTIMIZATION_LEVEL = 0;
				GCC_PREPROCESSOR_DEFINITIONS = (
					"DEBUG=1",
					"$(inherited)",
				);
				GCC_WARN_64_TO_32_BIT_CONVERSION = YES;
				GCC_WARN_ABOUT_RETURN_TYPE = YES_ERROR;
				GCC_WARN_UNDECLARED_SELECTOR = YES;
				GCC_WARN_UNINITIALIZED_AUTOS = YES_AGGRESSIVE;
				GCC_WARN_UNUSED_FUNCTION = YES;
				GCC_WARN_UNUSED_VARIABLE = YES;
				IPHONEOS_DEPLOYMENT_TARGET = 17.5;
				LOCALIZATION_PREFERS_STRING_CATALOGS = YES;
				MTL_ENABLE_DEBUG_INFO = INCLUDE_SOURCE;
				MTL_FAST_MATH = YES;
				ONLY_ACTIVE_ARCH = YES;
				SDKROOT = iphoneos;
				SWIFT_ACTIVE_COMPILATION_CONDITIONS = "DEBUG $(inherited)";
				SWIFT_OPTIMIZATION_LEVEL = "-Onone";
			};
			name = Debug;
		};
		44ECDC5A2EFEF66600238450 /* Release */ = {
			isa = XCBuildConfiguration;
			buildSettings = {
				ALWAYS_SEARCH_USER_PATHS = NO;
				ASSETCATALOG_COMPILER_GENERATE_SWIFT_ASSET_SYMBOL_EXTENSIONS = YES;
				CLANG_ANALYZER_NONNULL = YES;
				CLANG_ANALYZER_NUMBER_OBJECT_CONVERSION = YES_AGGRESSIVE;
				CLANG_CXX_LANGUAGE_STANDARD = "gnu++20";
				CLANG_ENABLE_MODULES = YES;
				CLANG_ENABLE_OBJC_ARC = YES;
				CLANG_ENABLE_OBJC_WEAK = YES;
				CLANG_WARN_BLOCK_CAPTURE_AUTORELEASING = YES;
				CLANG_WARN_BOOL_CONVERSION = YES;
				CLANG_WARN_COMMA = YES;
				CLANG_WARN_CONSTANT_CONVERSION = YES;
				CLANG_WARN_DEPRECATED_OBJC_IMPLEMENTATIONS = YES;
				CLANG_WARN_DIRECT_OBJC_ISA_USAGE = YES_ERROR;
				CLANG_WARN_DOCUMENTATION_COMMENTS = YES;
				CLANG_WARN_EMPTY_BODY = YES;
				CLANG_WARN_ENUM_CONVERSION = YES;
				CLANG_WARN_INFINITE_RECURSION = YES;
				CLANG_WARN_INT_CONVERSION = YES;
				CLANG_WARN_NON_LITERAL_NULL_CONVERSION = YES;
				CLANG_WARN_OBJC_IMPLICIT_RETAIN_SELF = YES;
				CLANG_WARN_OBJC_LITERAL_CONVERSION = YES;
				CLANG_WARN_OBJC_ROOT_CLASS = YES_ERROR;
				CLANG_WARN_QUOTED_INCLUDE_IN_FRAMEWORK_HEADER = YES;
				CLANG_WARN_RANGE_LOOP_ANALYSIS = YES;
				CLANG_WARN_STRICT_PROTOTYPES = YES;
				CLANG_WARN_SUSPICIOUS_MOVE = YES;
				CLANG_WARN_UNGUARDED_AVAILABILITY = YES_AGGRESSIVE;
				CLANG_WARN_UNREACHABLE_CODE = YES;
				CLANG_WARN__DUPLICATE_METHOD_MATCH = YES;
				COPY_PHASE_STRIP = NO;
				DEBUG_INFORMATION_FORMAT = "dwarf-with-dsym";
				ENABLE_NS_ASSERTIONS = NO;
				ENABLE_STRICT_OBJC_MSGSEND = YES;
				ENABLE_USER_SCRIPT_SANDBOXING = YES;
				GCC_C_LANGUAGE_STANDARD = gnu17;
				GCC_NO_COMMON_BLOCKS = YES;
				GCC_WARN_64_TO_32_BIT_CONVERSION = YES;
				GCC_WARN_ABOUT_RETURN_TYPE = YES_ERROR;
				GCC_WARN_UNDECLARED_SELECTOR = YES;
				GCC_WARN_UNINITIALIZED_AUTOS = YES_AGGRESSIVE;
				GCC_WARN_UNUSED_FUNCTION = YES;
				GCC_WARN_UNUSED_VARIABLE = YES;
				IPHONEOS_DEPLOYMENT_TARGET = 17.5;
				LOCALIZATION_PREFERS_STRING_CATALOGS = YES;
				MTL_ENABLE_DEBUG_INFO = NO;
				MTL_FAST_MATH = YES;
				SDKROOT = iphoneos;
				SWIFT_COMPILATION_MODE = wholemodule;
				VALIDATE_PRODUCT = YES;
			};
			name = Release;
		};
		44ECDC5C2EFEF66600238450 /* Debug */ = {
			isa = XCBuildConfiguration;
			baseConfigurationReference = 7B8C4B5FAD10013F40E84DAB /* Pods-MZEDU.debug.xcconfig */;
			buildSettings = {
				ASSETCATALOG_COMPILER_APPICON_NAME = AppIcon;
				ASSETCATALOG_COMPILER_GLOBAL_ACCENT_COLOR_NAME = AccentColor;
				CODE_SIGN_STYLE = Automatic;
				CURRENT_PROJECT_VERSION = 1;
				DEVELOPMENT_TEAM = 385Y9B45N8;
				ENABLE_USER_SCRIPT_SANDBOXING = NO;
				GENERATE_INFOPLIST_FILE = YES;
				INFOPLIST_FILE = MZEDU/Info.plist;
				INFOPLIST_KEY_UIApplicationSupportsIndirectInputEvents = YES;
				INFOPLIST_KEY_UILaunchStoryboardName = LaunchScreen;
				INFOPLIST_KEY_UIMainStoryboardFile = Main;
				INFOPLIST_KEY_UISupportedInterfaceOrientations_iPad = "UIInterfaceOrientationPortrait UIInterfaceOrientationPortraitUpsideDown UIInterfaceOrientationLandscapeLeft UIInterfaceOrientationLandscapeRight";
				INFOPLIST_KEY_UISupportedInterfaceOrientations_iPhone = "UIInterfaceOrientationPortrait UIInterfaceOrientationLandscapeLeft UIInterfaceOrientationLandscapeRight";
				LD_RUNPATH_SEARCH_PATHS = (
					"$(inherited)",
					"@executable_path/Frameworks",
				);
				MARKETING_VERSION = 1.0;
				PRODUCT_BUNDLE_IDENTIFIER = com.iOS.MZEDU;
				PRODUCT_NAME = "$(TARGET_NAME)";
				SWIFT_EMIT_LOC_STRINGS = YES;
				SWIFT_VERSION = 5.0;
				TARGETED_DEVICE_FAMILY = "1,2";
			};
			name = Debug;
		};
		44ECDC5D2EFEF66600238450 /* Release */ = {
			isa = XCBuildConfiguration;
			baseConfigurationReference = A7B1A557C8E636D6E6B2745F /* Pods-MZEDU.release.xcconfig */;
			buildSettings = {
				ASSETCATALOG_COMPILER_APPICON_NAME = AppIcon;
				ASSETCATALOG_COMPILER_GLOBAL_ACCENT_COLOR_NAME = AccentColor;
				CODE_SIGN_STYLE = Automatic;
				CURRENT_PROJECT_VERSION = 1;
				DEVELOPMENT_TEAM = 385Y9B45N8;
				ENABLE_USER_SCRIPT_SANDBOXING = NO;
				GENERATE_INFOPLIST_FILE = YES;
				INFOPLIST_FILE = MZEDU/Info.plist;
				INFOPLIST_KEY_UIApplicationSupportsIndirectInputEvents = YES;
				INFOPLIST_KEY_UILaunchStoryboardName = LaunchScreen;
				INFOPLIST_KEY_UIMainStoryboardFile = Main;
				INFOPLIST_KEY_UISupportedInterfaceOrientations_iPad = "UIInterfaceOrientationPortrait UIInterfaceOrientationPortraitUpsideDown UIInterfaceOrientationLandscapeLeft UIInterfaceOrientationLandscapeRight";
				INFOPLIST_KEY_UISupportedInterfaceOrientations_iPhone = "UIInterfaceOrientationPortrait UIInterfaceOrientationLandscapeLeft UIInterfaceOrientationLandscapeRight";
				LD_RUNPATH_SEARCH_PATHS = (
					"$(inherited)",
					"@executable_path/Frameworks",
				);
				MARKETING_VERSION = 1.0;
				PRODUCT_BUNDLE_IDENTIFIER = com.iOS.MZEDU;
				PRODUCT_NAME = "$(TARGET_NAME)";
				SWIFT_EMIT_LOC_STRINGS = YES;
				SWIFT_VERSION = 5.0;
				TARGETED_DEVICE_FAMILY = "1,2";
			};
			name = Release;
		};
/* End XCBuildConfiguration section */

/* Begin XCConfigurationList section */
		44ECDC422EFEF66500238450 /* Build configuration list for PBXProject "MZEDU" */ = {
			isa = XCConfigurationList;
			buildConfigurations = (
				44ECDC592EFEF66600238450 /* Debug */,
				44ECDC5A2EFEF66600238450 /* Release */,
			);
			defaultConfigurationIsVisible = 0;
			defaultConfigurationName = Release;
		};
		44ECDC5B2EFEF66600238450 /* Build configuration list for PBXNativeTarget "MZEDU" */ = {
			isa = XCConfigurationList;
			buildConfigurations = (
				44ECDC5C2EFEF66600238450 /* Debug */,
				44ECDC5D2EFEF66600238450 /* Release */,
			);
			defaultConfigurationIsVisible = 0;
			defaultConfigurationName = Release;
		};
/* End XCConfigurationList section */
	};
	rootObject = 44ECDC3F2EFEF66500238450 /* Project object */;
}
